
Microsoft Visual Studio Solution File, Format Version 12.00
# Visual Studio Version 17
VisualStudioVersion = 17.5.33530.505
MinimumVisualStudioVersion = 10.0.40219.1
Project("{FAE04EC0-301F-11D3-BF4B-00C04F79EFBC}") = "WebApIContacts", "WebApIContacts.csproj", "{5CAB1FBC-568F-4CB3-AD08-CE33A98BEAAA}"
EndProject
Global
	GlobalSection(SolutionConfigurationPlatforms) = preSolution
		Debug|Any CPU = Debug|Any CPU
		Release|Any CPU = Release|Any CPU
	EndGlobalSection
	GlobalSection(ProjectConfigurationPlatforms) = postSolution
		{5CAB1FBC-568F-4CB3-AD08-CE33A98BEAAA}.Debug|Any CPU.ActiveCfg = Debug|Any CPU
		{5CAB1FBC-568F-4CB3-AD08-CE33A98BEAAA}.Debug|Any CPU.Build.0 = Debug|Any CPU
		{5CAB1FBC-568F-4CB3-AD08-CE33A98BEAAA}.Release|Any CPU.ActiveCfg = Release|Any CPU
		{5CAB1FBC-568F-4CB3-AD08-CE33A98BEAAA}.Release|Any CPU.Build.0 = Release|Any CPU
	EndGlobalSection
	GlobalSection(SolutionProperties) = preSolution
		HideSolutionNode = FALSE
	EndGlobalSection
	GlobalSection(ExtensibilityGlobals) = postSolution
		SolutionGuid = {F2D79C10-20B6-463F-8A53-E021B5A1B4ED}
	EndGlobalSection
EndGlobal
